
Microsoft Visual Studio Solution File, Format Version 12.00
# Visual Studio Version 16
VisualStudioVersion = 16.0.30011.22
MinimumVisualStudioVersion = 10.0.40219.1
Project("{FAE04EC0-301F-11D3-BF4B-00C04F79EFBC}") = "DatabaseProject", "DatabaseProject\DatabaseProject.csproj", "{D1A286E0-C45D-4337-BEEE-C187CBFB055C}"
EndProject
Global
	GlobalSection(SolutionConfigurationPlatforms) = preSolution
		Debug|Any CPU = Debug|Any CPU
		Release|Any CPU = Release|Any CPU
	EndGlobalSection
	GlobalSection(ProjectConfigurationPlatforms) = postSolution
		{D1A286E0-C45D-4337-BEEE-C187CBFB055C}.Debug|Any CPU.ActiveCfg = Debug|Any CPU
		{D1A286E0-C45D-4337-BEEE-C187CBFB055C}.Debug|Any CPU.Build.0 = Debug|Any CPU
		{D1A286E0-C45D-4337-BEEE-C187CBFB055C}.Release|Any CPU.ActiveCfg = Release|Any CPU
		{D1A286E0-C45D-4337-BEEE-C187CBFB055C}.Release|Any CPU.Build.0 = Release|Any CPU
	EndGlobalSection
	GlobalSection(SolutionProperties) = preSolution
		HideSolutionNode = FALSE
	EndGlobalSection
	GlobalSection(ExtensibilityGlobals) = postSolution
		SolutionGuid = {60911327-200B-48EB-9ED3-799C08B34D15}
	EndGlobalSection
EndGlobal
